# THIS IS AN AUTOGENERATED FILE. DO NOT EDIT THIS FILE DIRECTLY.
# yarn lockfile v1


foundationdb@^0.9.2:
  version "0.9.2"
  resolved "https://registry.yarnpkg.com/foundationdb/-/foundationdb-0.9.2.tgz#9881732ef24f32cfc20f90cad437049c19048b92"
  integrity sha512-3fM9Tsm82ljkGpDML8kcbbSNmCfPytjVj/+TqXqXHGCAO1dUOUkSiyvBVGrSkkJVByMbftGyeXguoApQp9cF6A==
  dependencies:
    nan "^2.10.0"
    node-gyp-build "^3.3.0"

nan@^2.10.0:
  version "2.13.2"
  resolved "https://registry.yarnpkg.com/nan/-/nan-2.13.2.tgz#f51dc7ae66ba7d5d55e1e6d4d8092e802c9aefe7"
  integrity sha512-TghvYc72wlMGMVMluVo9WRJc0mB8KxxF/gZ4YYFy7V2ZQX9l7rgbPg7vjS9mt6U5HXODVFVI2bOduCzwOMv/lw==

node-gyp-build@^3.3.0:
  version "3.8.0"
  resolved "https://registry.yarnpkg.com/node-gyp-build/-/node-gyp-build-3.8.0.tgz#0f57efeb1971f404dfcbfab975c284de7c70f14a"
  integrity sha512-bYbpIHyRqZ7sVWXxGpz8QIRug5JZc/hzZH4GbdT9HTZi6WmKCZ8GLvP8OZ9TTiIBvwPFKgtGrlWQSXDAvYdsPw==
